
Microsoft Visual Studio Solution File, Format Version 12.00
# Visual Studio Version 16
VisualStudioVersion = 16.0.31424.327
MinimumVisualStudioVersion = 10.0.40219.1
Project("{8BC9CEB8-8B4A-11D0-8D11-00A0C91BC942}") = "Lab_5.3", "Lab_5.3\Lab_5.3.vcxproj", "{12CFAD59-5077-499E-BA89-A78BCD8C4FA1}"
EndProject
Project("{8BC9CEB8-8B4A-11D0-8D11-00A0C91BC942}") = "UnitTest1", "UnitTest1\UnitTest1.vcxproj", "{4A4EBCE5-0940-4BD9-8166-FD333F17EC68}"
EndProject
Global
	GlobalSection(SolutionConfigurationPlatforms) = preSolution
		Debug|x64 = Debug|x64
		Debug|x86 = Debug|x86
		Release|x64 = Release|x64
		Release|x86 = Release|x86
	EndGlobalSection
	GlobalSection(ProjectConfigurationPlatforms) = postSolution
		{12CFAD59-5077-499E-BA89-A78BCD8C4FA1}.Debug|x64.ActiveCfg = Debug|x64
		{12CFAD59-5077-499E-BA89-A78BCD8C4FA1}.Debug|x64.Build.0 = Debug|x64
		{12CFAD59-5077-499E-BA89-A78BCD8C4FA1}.Debug|x86.ActiveCfg = Debug|Win32
		{12CFAD59-5077-499E-BA89-A78BCD8C4FA1}.Debug|x86.Build.0 = Debug|Win32
		{12CFAD59-5077-499E-BA89-A78BCD8C4FA1}.Release|x64.ActiveCfg = Release|x64
		{12CFAD59-5077-499E-BA89-A78BCD8C4FA1}.Release|x64.Build.0 = Release|x64
		{12CFAD59-5077-499E-BA89-A78BCD8C4FA1}.Release|x86.ActiveCfg = Release|Win32
		{12CFAD59-5077-499E-BA89-A78BCD8C4FA1}.Release|x86.Build.0 = Release|Win32
		{4A4EBCE5-0940-4BD9-8166-FD333F17EC68}.Debug|x64.ActiveCfg = Debug|x64
		{4A4EBCE5-0940-4BD9-8166-FD333F17EC68}.Debug|x64.Build.0 = Debug|x64
		{4A4EBCE5-0940-4BD9-8166-FD333F17EC68}.Debug|x86.ActiveCfg = Debug|Win32
		{4A4EBCE5-0940-4BD9-8166-FD333F17EC68}.Debug|x86.Build.0 = Debug|Win32
		{4A4EBCE5-0940-4BD9-8166-FD333F17EC68}.Release|x64.ActiveCfg = Release|x64
		{4A4EBCE5-0940-4BD9-8166-FD333F17EC68}.Release|x64.Build.0 = Release|x64
		{4A4EBCE5-0940-4BD9-8166-FD333F17EC68}.Release|x86.ActiveCfg = Release|Win32
		{4A4EBCE5-0940-4BD9-8166-FD333F17EC68}.Release|x86.Build.0 = Release|Win32
	EndGlobalSection
	GlobalSection(SolutionProperties) = preSolution
		HideSolutionNode = FALSE
	EndGlobalSection
	GlobalSection(ExtensibilityGlobals) = postSolution
		SolutionGuid = {9E7A9A6E-0155-469B-9DDD-9CAD6E1D151F}
	EndGlobalSection
EndGlobal
